
Microsoft Visual Studio Solution File, Format Version 12.00
# Visual Studio Version 17
VisualStudioVersion = 17.9.34622.214
MinimumVisualStudioVersion = 10.0.40219.1
Project("{FAE04EC0-301F-11D3-BF4B-00C04F79EFBC}") = "AspNet_SinavNotSistemi", "AspNet_SinavNotSistemi\AspNet_SinavNotSistemi.csproj", "{E7D81863-A576-4799-AA34-22BED85F37E8}"
EndProject
Global
	GlobalSection(SolutionConfigurationPlatforms) = preSolution
		Debug|Any CPU = Debug|Any CPU
		Release|Any CPU = Release|Any CPU
	EndGlobalSection
	GlobalSection(ProjectConfigurationPlatforms) = postSolution
		{E7D81863-A576-4799-AA34-22BED85F37E8}.Debug|Any CPU.ActiveCfg = Debug|Any CPU
		{E7D81863-A576-4799-AA34-22BED85F37E8}.Debug|Any CPU.Build.0 = Debug|Any CPU
		{E7D81863-A576-4799-AA34-22BED85F37E8}.Release|Any CPU.ActiveCfg = Release|Any CPU
		{E7D81863-A576-4799-AA34-22BED85F37E8}.Release|Any CPU.Build.0 = Release|Any CPU
	EndGlobalSection
	GlobalSection(SolutionProperties) = preSolution
		HideSolutionNode = FALSE
	EndGlobalSection
	GlobalSection(ExtensibilityGlobals) = postSolution
		SolutionGuid = {F1B24F11-AC38-493A-B279-1E599CB8EAF1}
	EndGlobalSection
EndGlobal
